// !$*UTF8*$!
{
	archiveVersion = 1;
	classes = {
	};
	objectVersion = 50;
	objects = {

/* Begin PBXBuildFile section */
		33056E8F25BC3D610083B2FD /* AppDelegate.swift in Sources */ = {isa = PBXBuildFile; fileRef = 33056E8E25BC3D610083B2FD /* AppDelegate.swift */; };
		33056E9125BC3D610083B2FD /* SceneDelegate.swift in Sources */ = {isa = PBXBuildFile; fileRef = 33056E9025BC3D610083B2FD /* SceneDelegate.swift */; };
		33056E9325BC3D610083B2FD /* FeedListViewController.swift in Sources */ = {isa = PBXBuildFile; fileRef = 33056E9225BC3D610083B2FD /* FeedListViewController.swift */; };
		33056E9625BC3D610083B2FD /* Main.storyboard in Resources */ = {isa = PBXBuildFile; fileRef = 33056E9425BC3D610083B2FD /* Main.storyboard */; };
		33056E9825BC3D620083B2FD /* Assets.xcassets in Resources */ = {isa = PBXBuildFile; fileRef = 33056E9725BC3D620083B2FD /* Assets.xcassets */; };
		33056E9B25BC3D620083B2FD /* LaunchScreen.storyboard in Resources */ = {isa = PBXBuildFile; fileRef = 33056E9925BC3D620083B2FD /* LaunchScreen.storyboard */; };
		33056ECA25BC414C0083B2FD /* FeedListViewModel.swift in Sources */ = {isa = PBXBuildFile; fileRef = 33056EC925BC414C0083B2FD /* FeedListViewModel.swift */; };
		33056F3D25BC45E20083B2FD /* FeedCoodinator.swift in Sources */ = {isa = PBXBuildFile; fileRef = 33056F3C25BC45E20083B2FD /* FeedCoodinator.swift */; };
		33056F7725BC54670083B2FD /* Coordinator.swift in Sources */ = {isa = PBXBuildFile; fileRef = 33056F7625BC54670083B2FD /* Coordinator.swift */; };
		335799CD2650F133003EA9CF /* FeedContent.framework in Frameworks */ = {isa = PBXBuildFile; fileRef = 335799CB2650F109003EA9CF /* FeedContent.framework */; };
		335799CE2650F133003EA9CF /* FeedContent.framework in Embed Frameworks */ = {isa = PBXBuildFile; fileRef = 335799CB2650F109003EA9CF /* FeedContent.framework */; settings = {ATTRIBUTES = (RemoveHeadersOnCopy, ); }; };
/* End PBXBuildFile section */

/* Begin PBXCopyFilesBuildPhase section */
		335799C42650F077003EA9CF /* Embed Frameworks */ = {
			isa = PBXCopyFilesBuildPhase;
			buildActionMask = 2147483647;
			dstPath = "";
			dstSubfolderSpec = 10;
			files = (
				335799CE2650F133003EA9CF /* FeedContent.framework in Embed Frameworks */,
			);
			name = "Embed Frameworks";
			runOnlyForDeploymentPostprocessing = 0;
		};
/* End PBXCopyFilesBuildPhase section */

/* Begin PBXFileReference section */
		33056E8B25BC3D610083B2FD /* LibraryAndFrameworks.app */ = {isa = PBXFileReference; explicitFileType = wrapper.application; includeInIndex = 0; path = LibraryAndFrameworks.app; sourceTree = BUILT_PRODUCTS_DIR; };
		33056E8E25BC3D610083B2FD /* AppDelegate.swift */ = {isa = PBXFileReference; lastKnownFileType = sourcecode.swift; path = AppDelegate.swift; sourceTree = "<group>"; };
		33056E9025BC3D610083B2FD /* SceneDelegate.swift */ = {isa = PBXFileReference; lastKnownFileType = sourcecode.swift; path = SceneDelegate.swift; sourceTree = "<group>"; };
		33056E9225BC3D610083B2FD /* FeedListViewController.swift */ = {isa = PBXFileReference; lastKnownFileType = sourcecode.swift; path = FeedListViewController.swift; sourceTree = "<group>"; };
		33056E9525BC3D610083B2FD /* Base */ = {isa = PBXFileReference; lastKnownFileType = file.storyboard; name = Base; path = Base.lproj/Main.storyboard; sourceTree = "<group>"; };
		33056E9725BC3D620083B2FD /* Assets.xcassets */ = {isa = PBXFileReference; lastKnownFileType = folder.assetcatalog; path = Assets.xcassets; sourceTree = "<group>"; };
		33056E9A25BC3D620083B2FD /* Base */ = {isa = PBXFileReference; lastKnownFileType = file.storyboard; name = Base; path = Base.lproj/LaunchScreen.storyboard; sourceTree = "<group>"; };
		33056E9C25BC3D620083B2FD /* Info.plist */ = {isa = PBXFileReference; lastKnownFileType = text.plist.xml; path = Info.plist; sourceTree = "<group>"; };
		33056EC925BC414C0083B2FD /* FeedListViewModel.swift */ = {isa = PBXFileReference; lastKnownFileType = sourcecode.swift; path = FeedListViewModel.swift; sourceTree = "<group>"; };
		33056F3C25BC45E20083B2FD /* FeedCoodinator.swift */ = {isa = PBXFileReference; lastKnownFileType = sourcecode.swift; path = FeedCoodinator.swift; sourceTree = "<group>"; };
		33056F7625BC54670083B2FD /* Coordinator.swift */ = {isa = PBXFileReference; lastKnownFileType = sourcecode.swift; path = Coordinator.swift; sourceTree = "<group>"; };
		335799CB2650F109003EA9CF /* FeedContent.framework */ = {isa = PBXFileReference; lastKnownFileType = wrapper.framework; path = FeedContent.framework; sourceTree = "<group>"; };
/* End PBXFileReference section */

/* Begin PBXFrameworksBuildPhase section */
		33056E8825BC3D610083B2FD /* Frameworks */ = {
			isa = PBXFrameworksBuildPhase;
			buildActionMask = 2147483647;
			files = (
				335799CD2650F133003EA9CF /* FeedContent.framework in Frameworks */,
			);
			runOnlyForDeploymentPostprocessing = 0;
		};
/* End PBXFrameworksBuildPhase section */

/* Begin PBXGroup section */
		33056E8225BC3D610083B2FD = {
			isa = PBXGroup;
			children = (
				33056E8D25BC3D610083B2FD /* LibraryAndFrameworks */,
				33056E8C25BC3D610083B2FD /* Products */,
				33056F5C25BC46E40083B2FD /* Frameworks */,
			);
			sourceTree = "<group>";
		};
		33056E8C25BC3D610083B2FD /* Products */ = {
			isa = PBXGroup;
			children = (
				33056E8B25BC3D610083B2FD /* LibraryAndFrameworks.app */,
			);
			name = Products;
			sourceTree = "<group>";
		};
		33056E8D25BC3D610083B2FD /* LibraryAndFrameworks */ = {
			isa = PBXGroup;
			children = (
				33056F7F25BC54820083B2FD /* Feed UI */,
				33056F7E25BC546D0083B2FD /* Coordinator */,
				33056E8E25BC3D610083B2FD /* AppDelegate.swift */,
				33056E9025BC3D610083B2FD /* SceneDelegate.swift */,
				33056E9725BC3D620083B2FD /* Assets.xcassets */,
				33056E9925BC3D620083B2FD /* LaunchScreen.storyboard */,
				33056E9C25BC3D620083B2FD /* Info.plist */,
			);
			path = LibraryAndFrameworks;
			sourceTree = "<group>";
		};
		33056F5C25BC46E40083B2FD /* Frameworks */ = {
			isa = PBXGroup;
			children = (
				335799CB2650F109003EA9CF /* FeedContent.framework */,
			);
			name = Frameworks;
			sourceTree = "<group>";
		};
		33056F7E25BC546D0083B2FD /* Coordinator */ = {
			isa = PBXGroup;
			children = (
				33056F3C25BC45E20083B2FD /* FeedCoodinator.swift */,
				33056F7625BC54670083B2FD /* Coordinator.swift */,
			);
			path = Coordinator;
			sourceTree = "<group>";
		};
		33056F7F25BC54820083B2FD /* Feed UI */ = {
			isa = PBXGroup;
			children = (
				33056E9225BC3D610083B2FD /* FeedListViewController.swift */,
				33056E9425BC3D610083B2FD /* Main.storyboard */,
				33056EC925BC414C0083B2FD /* FeedListViewModel.swift */,
			);
			path = "Feed UI";
			sourceTree = "<group>";
		};
/* End PBXGroup section */

/* Begin PBXNativeTarget section */
		33056E8A25BC3D610083B2FD /* LibraryAndFrameworks */ = {
			isa = PBXNativeTarget;
			buildConfigurationList = 33056EB525BC3D620083B2FD /* Build configuration list for PBXNativeTarget "LibraryAndFrameworks" */;
			buildPhases = (
				33056E8725BC3D610083B2FD /* Sources */,
				33056E8825BC3D610083B2FD /* Frameworks */,
				33056E8925BC3D610083B2FD /* Resources */,
				335799C42650F077003EA9CF /* Embed Frameworks */,
			);
			buildRules = (
			);
			dependencies = (
			);
			name = LibraryAndFrameworks;
			productName = LibraryAndFrameworks;
			productReference = 33056E8B25BC3D610083B2FD /* LibraryAndFrameworks.app */;
			productType = "com.apple.product-type.application";
		};
/* End PBXNativeTarget section */

/* Begin PBXProject section */
		33056E8325BC3D610083B2FD /* Project object */ = {
			isa = PBXProject;
			attributes = {
				LastSwiftUpdateCheck = 1230;
				LastUpgradeCheck = 1230;
				TargetAttributes = {
					33056E8A25BC3D610083B2FD = {
						CreatedOnToolsVersion = 12.3;
					};
				};
			};
			buildConfigurationList = 33056E8625BC3D610083B2FD /* Build configuration list for PBXProject "LibraryAndFrameworks" */;
			compatibilityVersion = "Xcode 9.3";
			developmentRegion = en;
			hasScannedForEncodings = 0;
			knownRegions = (
				en,
				Base,
			);
			mainGroup = 33056E8225BC3D610083B2FD;
			productRefGroup = 33056E8C25BC3D610083B2FD /* Products */;
			projectDirPath = "";
			projectRoot = "";
			targets = (
				33056E8A25BC3D610083B2FD /* LibraryAndFrameworks */,
			);
		};
/* End PBXProject section */

/* Begin PBXResourcesBuildPhase section */
		33056E8925BC3D610083B2FD /* Resources */ = {
			isa = PBXResourcesBuildPhase;
			buildActionMask = 2147483647;
			files = (
				33056E9B25BC3D620083B2FD /* LaunchScreen.storyboard in Resources */,
				33056E9825BC3D620083B2FD /* Assets.xcassets in Resources */,
				33056E9625BC3D610083B2FD /* Main.storyboard in Resources */,
			);
			runOnlyForDeploymentPostprocessing = 0;
		};
/* End PBXResourcesBuildPhase section */

/* Begin PBXSourcesBuildPhase section */
		33056E8725BC3D610083B2FD /* Sources */ = {
			isa = PBXSourcesBuildPhase;
			buildActionMask = 2147483647;
			files = (
				33056E9325BC3D610083B2FD /* FeedListViewController.swift in Sources */,
				33056E8F25BC3D610083B2FD /* AppDelegate.swift in Sources */,
				33056F7725BC54670083B2FD /* Coordinator.swift in Sources */,
				33056E9125BC3D610083B2FD /* SceneDelegate.swift in Sources */,
				33056ECA25BC414C0083B2FD /* FeedListViewModel.swift in Sources */,
				33056F3D25BC45E20083B2FD /* FeedCoodinator.swift in Sources */,
			);
			runOnlyForDeploymentPostprocessing = 0;
		};
/* End PBXSourcesBuildPhase section */

/* Begin PBXVariantGroup section */
		33056E9425BC3D610083B2FD /* Main.storyboard */ = {
			isa = PBXVariantGroup;
			children = (
				33056E9525BC3D610083B2FD /* Base */,
			);
			name = Main.storyboard;
			sourceTree = "<group>";
		};
		33056E9925BC3D620083B2FD /* LaunchScreen.storyboard */ = {
			isa = PBXVariantGroup;
			children = (
				33056E9A25BC3D620083B2FD /* Base */,
			);
			name = LaunchScreen.storyboard;
			sourceTree = "<group>";
		};
/* End PBXVariantGroup section */

/* Begin XCBuildConfiguration section */
		33056EB325BC3D620083B2FD /* Debug */ = {
			isa = XCBuildConfiguration;
			buildSettings = {
				ALWAYS_SEARCH_USER_PATHS = NO;
				CLANG_ANALYZER_NONNULL = YES;
				CLANG_ANALYZER_NUMBER_OBJECT_CONVERSION = YES_AGGRESSIVE;
				CLANG_CXX_LANGUAGE_STANDARD = "gnu++14";
				CLANG_CXX_LIBRARY = "libc++";
				CLANG_ENABLE_MODULES = YES;
				CLANG_ENABLE_OBJC_ARC = YES;
				CLANG_ENABLE_OBJC_WEAK = YES;
				CLANG_WARN_BLOCK_CAPTURE_AUTORELEASING = YES;
				CLANG_WARN_BOOL_CONVERSION = YES;
				CLANG_WARN_COMMA = YES;
				CLANG_WARN_CONSTANT_CONVERSION = YES;
				CLANG_WARN_DEPRECATED_OBJC_IMPLEMENTATIONS = YES;
				CLANG_WARN_DIRECT_OBJC_ISA_USAGE = YES_ERROR;
				CLANG_WARN_DOCUMENTATION_COMMENTS = YES;
				CLANG_WARN_EMPTY_BODY = YES;
				CLANG_WARN_ENUM_CONVERSION = YES;
				CLANG_WARN_INFINITE_RECURSION = YES;
				CLANG_WARN_INT_CONVERSION = YES;
				CLANG_WARN_NON_LITERAL_NULL_CONVERSION = YES;
				CLANG_WARN_OBJC_IMPLICIT_RETAIN_SELF = YES;
				CLANG_WARN_OBJC_LITERAL_CONVERSION = YES;
				CLANG_WARN_OBJC_ROOT_CLASS = YES_ERROR;
				CLANG_WARN_QUOTED_INCLUDE_IN_FRAMEWORK_HEADER = YES;
				CLANG_WARN_RANGE_LOOP_ANALYSIS = YES;
				CLANG_WARN_STRICT_PROTOTYPES = YES;
				CLANG_WARN_SUSPICIOUS_MOVE = YES;
				CLANG_WARN_UNGUARDED_AVAILABILITY = YES_AGGRESSIVE;
				CLANG_WARN_UNREACHABLE_CODE = YES;
				CLANG_WARN__DUPLICATE_METHOD_MATCH = YES;
				COPY_PHASE_STRIP = NO;
				DEBUG_INFORMATION_FORMAT = dwarf;
				ENABLE_STRICT_OBJC_MSGSEND = YES;
				ENABLE_TESTABILITY = YES;
				GCC_C_LANGUAGE_STANDARD = gnu11;
				GCC_DYNAMIC_NO_PIC = NO;
				GCC_NO_COMMON_BLOCKS = YES;
				GCC_OPTIMIZATION_LEVEL = 0;
				GCC_PREPROCESSOR_DEFINITIONS = (
					"DEBUG=1",
					"$(inherited)",
				);
				GCC_WARN_64_TO_32_BIT_CONVERSION = YES;
				GCC_WARN_ABOUT_RETURN_TYPE = YES_ERROR;
				GCC_WARN_UNDECLARED_SELECTOR = YES;
				GCC_WARN_UNINITIALIZED_AUTOS = YES_AGGRESSIVE;
				GCC_WARN_UNUSED_FUNCTION = YES;
				GCC_WARN_UNUSED_VARIABLE = YES;
				IPHONEOS_DEPLOYMENT_TARGET = 14.3;
				MACH_O_TYPE = mh_execute;
				MTL_ENABLE_DEBUG_INFO = INCLUDE_SOURCE;
				MTL_FAST_MATH = YES;
				ONLY_ACTIVE_ARCH = YES;
				SDKROOT = iphoneos;
				SWIFT_ACTIVE_COMPILATION_CONDITIONS = DEBUG;
				SWIFT_OPTIMIZATION_LEVEL = "-Onone";
			};
			name = Debug;
		};
		33056EB425BC3D620083B2FD /* Release */ = {
			isa = XCBuildConfiguration;
			buildSettings = {
				ALWAYS_SEARCH_USER_PATHS = NO;
				CLANG_ANALYZER_NONNULL = YES;
				CLANG_ANALYZER_NUMBER_OBJECT_CONVERSION = YES_AGGRESSIVE;
				CLANG_CXX_LANGUAGE_STANDARD = "gnu++14";
				CLANG_CXX_LIBRARY = "libc++";
				CLANG_ENABLE_MODULES = YES;
				CLANG_ENABLE_OBJC_ARC = YES;
				CLANG_ENABLE_OBJC_WEAK = YES;
				CLANG_WARN_BLOCK_CAPTURE_AUTORELEASING = YES;
				CLANG_WARN_BOOL_CONVERSION = YES;
				CLANG_WARN_COMMA = YES;
				CLANG_WARN_CONSTANT_CONVERSION = YES;
				CLANG_WARN_DEPRECATED_OBJC_IMPLEMENTATIONS = YES;
				CLANG_WARN_DIRECT_OBJC_ISA_USAGE = YES_ERROR;
				CLANG_WARN_DOCUMENTATION_COMMENTS = YES;
				CLANG_WARN_EMPTY_BODY = YES;
				CLANG_WARN_ENUM_CONVERSION = YES;
				CLANG_WARN_INFINITE_RECURSION = YES;
				CLANG_WARN_INT_CONVERSION = YES;
				CLANG_WARN_NON_LITERAL_NULL_CONVERSION = YES;
				CLANG_WARN_OBJC_IMPLICIT_RETAIN_SELF = YES;
				CLANG_WARN_OBJC_LITERAL_CONVERSION = YES;
				CLANG_WARN_OBJC_ROOT_CLASS = YES_ERROR;
				CLANG_WARN_QUOTED_INCLUDE_IN_FRAMEWORK_HEADER = YES;
				CLANG_WARN_RANGE_LOOP_ANALYSIS = YES;
				CLANG_WARN_STRICT_PROTOTYPES = YES;
				CLANG_WARN_SUSPICIOUS_MOVE = YES;
				CLANG_WARN_UNGUARDED_AVAILABILITY = YES_AGGRESSIVE;
				CLANG_WARN_UNREACHABLE_CODE = YES;
				CLANG_WARN__DUPLICATE_METHOD_MATCH = YES;
				COPY_PHASE_STRIP = NO;
				DEBUG_INFORMATION_FORMAT = "dwarf-with-dsym";
				ENABLE_NS_ASSERTIONS = NO;
				ENABLE_STRICT_OBJC_MSGSEND = YES;
				GCC_C_LANGUAGE_STANDARD = gnu11;
				GCC_NO_COMMON_BLOCKS = YES;
				GCC_WARN_64_TO_32_BIT_CONVERSION = YES;
				GCC_WARN_ABOUT_RETURN_TYPE = YES_ERROR;
				GCC_WARN_UNDECLARED_SELECTOR = YES;
				GCC_WARN_UNINITIALIZED_AUTOS = YES_AGGRESSIVE;
				GCC_WARN_UNUSED_FUNCTION = YES;
				GCC_WARN_UNUSED_VARIABLE = YES;
				IPHONEOS_DEPLOYMENT_TARGET = 14.3;
				MACH_O_TYPE = mh_execute;
				MTL_ENABLE_DEBUG_INFO = NO;
				MTL_FAST_MATH = YES;
				SDKROOT = iphoneos;
				SWIFT_COMPILATION_MODE = wholemodule;
				SWIFT_OPTIMIZATION_LEVEL = "-O";
				VALIDATE_PRODUCT = YES;
			};
			name = Release;
		};
		33056EB625BC3D620083B2FD /* Debug */ = {
			isa = XCBuildConfiguration;
			buildSettings = {
				ASSETCATALOG_COMPILER_APPICON_NAME = AppIcon;
				ASSETCATALOG_COMPILER_GLOBAL_ACCENT_COLOR_NAME = AccentColor;
				CODE_SIGN_STYLE = Automatic;
				DEVELOPMENT_TEAM = MX45P48B86;
				ENABLE_BITCODE = NO;
				FRAMEWORK_SEARCH_PATHS = (
					"$(inherited)",
					"$(PROJECT_DIR)",
				);
				INFOPLIST_FILE = LibraryAndFrameworks/Info.plist;
				LD_RUNPATH_SEARCH_PATHS = (
					"$(inherited)",
					"@executable_path/Frameworks",
				);
				PRODUCT_BUNDLE_IDENTIFIER = com.samsclub.samsapp;
				PRODUCT_NAME = "$(TARGET_NAME)";
				SWIFT_VERSION = 5.0;
				TARGETED_DEVICE_FAMILY = "1,2";
			};
			name = Debug;
		};
		33056EB725BC3D620083B2FD /* Release */ = {
			isa = XCBuildConfiguration;
			buildSettings = {
				ASSETCATALOG_COMPILER_APPICON_NAME = AppIcon;
				ASSETCATALOG_COMPILER_GLOBAL_ACCENT_COLOR_NAME = AccentColor;
				CODE_SIGN_STYLE = Automatic;
				DEVELOPMENT_TEAM = MX45P48B86;
				ENABLE_BITCODE = NO;
				FRAMEWORK_SEARCH_PATHS = (
					"$(inherited)",
					"$(PROJECT_DIR)",
				);
				INFOPLIST_FILE = LibraryAndFrameworks/Info.plist;
				LD_RUNPATH_SEARCH_PATHS = (
					"$(inherited)",
					"@executable_path/Frameworks",
				);
				PRODUCT_BUNDLE_IDENTIFIER = com.samsclub.samsapp;
				PRODUCT_NAME = "$(TARGET_NAME)";
				SWIFT_VERSION = 5.0;
				TARGETED_DEVICE_FAMILY = "1,2";
			};
			name = Release;
		};
/* End XCBuildConfiguration section */

/* Begin XCConfigurationList section */
		33056E8625BC3D610083B2FD /* Build configuration list for PBXProject "LibraryAndFrameworks" */ = {
			isa = XCConfigurationList;
			buildConfigurations = (
				33056EB325BC3D620083B2FD /* Debug */,
				33056EB425BC3D620083B2FD /* Release */,
			);
			defaultConfigurationIsVisible = 0;
			defaultConfigurationName = Release;
		};
		33056EB525BC3D620083B2FD /* Build configuration list for PBXNativeTarget "LibraryAndFrameworks" */ = {
			isa = XCConfigurationList;
			buildConfigurations = (
				33056EB625BC3D620083B2FD /* Debug */,
				33056EB725BC3D620083B2FD /* Release */,
			);
			defaultConfigurationIsVisible = 0;
			defaultConfigurationName = Release;
		};
/* End XCConfigurationList section */
	};
	rootObject = 33056E8325BC3D610083B2FD /* Project object */;
}
